
Microsoft Visual Studio Solution File, Format Version 12.00
# Visual Studio Version 17
VisualStudioVersion = 17.0.31903.59
MinimumVisualStudioVersion = 10.0.40219.1
Project("{FAE04EC0-301F-11D3-BF4B-00C04F79EFBC}") = "WindowsLab.Core", "src\WindowsLab.Core\WindowsLab.Core.csproj", "{8F3C1A90-6B2E-4D11-9C4A-A1B2C3D4E5F6}"
EndProject
Project("{FAE04EC0-301F-11D3-BF4B-00C04F79EFBC}") = "WindowsLab.Cli", "src\WindowsLab.Cli\WindowsLab.Cli.csproj", "{1D2E3F40-5A6B-7C8D-9E0F-1A2B3C4D5E6F}"
EndProject
Project("{FAE04EC0-301F-11D3-BF4B-00C04F79EFBC}") = "WindowsLab.Core.Tests", "tests\WindowsLab.Core.Tests\WindowsLab.Core.Tests.csproj", "{AA11BB22-CC33-4D55-8E77-9900AABBCCDD}"
EndProject
Project("{FAE04EC0-301F-11D3-BF4B-00C04F79EFBC}") = "WindowsLab.Cli.Tests", "tests\WindowsLab.Cli.Tests\WindowsLab.Cli.Tests.csproj", "{BB22CC33-DD44-4E55-9F00-112233445566}"
EndProject
Project("{2150E333-8FDC-42A3-9474-1A3956D46DE8}") = "src", "src", "{827E0CD3-B72D-47B6-A68D-7590B98EB39B}"
EndProject
Project("{FAE04EC0-301F-11D3-BF4B-00C04F79EFBC}") = "WindowsLab.Audit", "src\WindowsLab.Audit\WindowsLab.Audit.csproj", "{D1C1149D-C2AC-4C23-81F8-AA63268A2591}"
EndProject
Project("{FAE04EC0-301F-11D3-BF4B-00C04F79EFBC}") = "WindowsLab.Tweaks", "src\WindowsLab.Tweaks\WindowsLab.Tweaks.csproj", "{1C483820-7611-4510-B09A-864326A825BA}"
EndProject
Project("{FAE04EC0-301F-11D3-BF4B-00C04F79EFBC}") = "WindowsLab.Recommendations", "src\WindowsLab.Recommendations\WindowsLab.Recommendations.csproj", "{DF733780-EEA6-4551-8CB3-2EC4A6DCC6CD}"
EndProject
Project("{FAE04EC0-301F-11D3-BF4B-00C04F79EFBC}") = "WindowsLab.App", "src\WindowsLab.App\WindowsLab.App.csproj", "{E0E88A84-AB98-4D64-8ED7-400375A60792}"
EndProject
Project("{FAE04EC0-301F-11D3-BF4B-00C04F79EFBC}") = "WindowsLab.Applications", "src\WindowsLab.Applications\WindowsLab.Applications.csproj", "{A1B2C3D4-E5F6-7890-ABCD-EF1234567890}"
EndProject
Project("{FAE04EC0-301F-11D3-BF4B-00C04F79EFBC}") = "WindowsLab.Backup", "src\WindowsLab.Backup\WindowsLab.Backup.csproj", "{34E8F5B3-D193-46DD-AA0A-59ADC3D8941C}"
EndProject
Project("{FAE04EC0-301F-11D3-BF4B-00C04F79EFBC}") = "WindowsLab.Worker", "src\WindowsLab.Worker\WindowsLab.Worker.csproj", "{F9ADC8AF-5D07-44B0-949E-C2572F65A018}"
EndProject
Project("{2150E333-8FDC-42A3-9474-1A3956D46DE8}") = "tests", "tests", "{0AB3BF05-4346-4AA6-1389-037BE0695223}"
EndProject
Project("{FAE04EC0-301F-11D3-BF4B-00C04F79EFBC}") = "WindowsLab.Backup.Tests", "tests\WindowsLab.Backup.Tests\WindowsLab.Backup.Tests.csproj", "{4FDF0E03-C5B9-4493-B96D-1B3FE8D5C854}"
EndProject
Global
	GlobalSection(SolutionConfigurationPlatforms) = preSolution
		Debug|Any CPU = Debug|Any CPU
		Debug|x64 = Debug|x64
		Debug|x86 = Debug|x86
		Release|Any CPU = Release|Any CPU
		Release|x64 = Release|x64
		Release|x86 = Release|x86
	EndGlobalSection
	GlobalSection(ProjectConfigurationPlatforms) = postSolution
		{8F3C1A90-6B2E-4D11-9C4A-A1B2C3D4E5F6}.Debug|Any CPU.ActiveCfg = Debug|Any CPU
		{8F3C1A90-6B2E-4D11-9C4A-A1B2C3D4E5F6}.Debug|Any CPU.Build.0 = Debug|Any CPU
		{8F3C1A90-6B2E-4D11-9C4A-A1B2C3D4E5F6}.Debug|x64.ActiveCfg = Debug|Any CPU
		{8F3C1A90-6B2E-4D11-9C4A-A1B2C3D4E5F6}.Debug|x64.Build.0 = Debug|Any CPU
		{8F3C1A90-6B2E-4D11-9C4A-A1B2C3D4E5F6}.Debug|x86.ActiveCfg = Debug|Any CPU
		{8F3C1A90-6B2E-4D11-9C4A-A1B2C3D4E5F6}.Debug|x86.Build.0 = Debug|Any CPU
		{8F3C1A90-6B2E-4D11-9C4A-A1B2C3D4E5F6}.Release|Any CPU.ActiveCfg = Release|Any CPU
		{8F3C1A90-6B2E-4D11-9C4A-A1B2C3D4E5F6}.Release|Any CPU.Build.0 = Release|Any CPU
		{8F3C1A90-6B2E-4D11-9C4A-A1B2C3D4E5F6}.Release|x64.ActiveCfg = Release|Any CPU
		{8F3C1A90-6B2E-4D11-9C4A-A1B2C3D4E5F6}.Release|x64.Build.0 = Release|Any CPU
		{8F3C1A90-6B2E-4D11-9C4A-A1B2C3D4E5F6}.Release|x86.ActiveCfg = Release|Any CPU
		{8F3C1A90-6B2E-4D11-9C4A-A1B2C3D4E5F6}.Release|x86.Build.0 = Release|Any CPU
		{1D2E3F40-5A6B-7C8D-9E0F-1A2B3C4D5E6F}.Debug|Any CPU.ActiveCfg = Debug|Any CPU
		{1D2E3F40-5A6B-7C8D-9E0F-1A2B3C4D5E6F}.Debug|Any CPU.Build.0 = Debug|Any CPU
		{1D2E3F40-5A6B-7C8D-9E0F-1A2B3C4D5E6F}.Debug|x64.ActiveCfg = Debug|Any CPU
		{1D2E3F40-5A6B-7C8D-9E0F-1A2B3C4D5E6F}.Debug|x64.Build.0 = Debug|Any CPU
		{1D2E3F40-5A6B-7C8D-9E0F-1A2B3C4D5E6F}.Debug|x86.ActiveCfg = Debug|Any CPU
		{1D2E3F40-5A6B-7C8D-9E0F-1A2B3C4D5E6F}.Debug|x86.Build.0 = Debug|Any CPU
		{1D2E3F40-5A6B-7C8D-9E0F-1A2B3C4D5E6F}.Release|Any CPU.ActiveCfg = Release|Any CPU
		{1D2E3F40-5A6B-7C8D-9E0F-1A2B3C4D5E6F}.Release|Any CPU.Build.0 = Release|Any CPU
		{1D2E3F40-5A6B-7C8D-9E0F-1A2B3C4D5E6F}.Release|x64.ActiveCfg = Release|Any CPU
		{1D2E3F40-5A6B-7C8D-9E0F-1A2B3C4D5E6F}.Release|x64.Build.0 = Release|Any CPU
		{1D2E3F40-5A6B-7C8D-9E0F-1A2B3C4D5E6F}.Release|x86.ActiveCfg = Release|Any CPU
		{1D2E3F40-5A6B-7C8D-9E0F-1A2B3C4D5E6F}.Release|x86.Build.0 = Release|Any CPU
		{AA11BB22-CC33-4D55-8E77-9900AABBCCDD}.Debug|Any CPU.ActiveCfg = Debug|Any CPU
		{AA11BB22-CC33-4D55-8E77-9900AABBCCDD}.Debug|Any CPU.Build.0 = Debug|Any CPU
		{AA11BB22-CC33-4D55-8E77-9900AABBCCDD}.Debug|x64.ActiveCfg = Debug|Any CPU
		{AA11BB22-CC33-4D55-8E77-9900AABBCCDD}.Debug|x64.Build.0 = Debug|Any CPU
		{AA11BB22-CC33-4D55-8E77-9900AABBCCDD}.Debug|x86.ActiveCfg = Debug|Any CPU
		{AA11BB22-CC33-4D55-8E77-9900AABBCCDD}.Debug|x86.Build.0 = Debug|Any CPU
		{AA11BB22-CC33-4D55-8E77-9900AABBCCDD}.Release|Any CPU.ActiveCfg = Release|Any CPU
		{AA11BB22-CC33-4D55-8E77-9900AABBCCDD}.Release|Any CPU.Build.0 = Release|Any CPU
		{AA11BB22-CC33-4D55-8E77-9900AABBCCDD}.Release|x64.ActiveCfg = Release|Any CPU
		{AA11BB22-CC33-4D55-8E77-9900AABBCCDD}.Release|x64.Build.0 = Release|Any CPU
		{AA11BB22-CC33-4D55-8E77-9900AABBCCDD}.Release|x86.ActiveCfg = Release|Any CPU
		{AA11BB22-CC33-4D55-8E77-9900AABBCCDD}.Release|x86.Build.0 = Release|Any CPU
		{BB22CC33-DD44-4E55-9F00-112233445566}.Debug|Any CPU.ActiveCfg = Debug|Any CPU
		{BB22CC33-DD44-4E55-9F00-112233445566}.Debug|Any CPU.Build.0 = Debug|Any CPU
		{BB22CC33-DD44-4E55-9F00-112233445566}.Debug|x64.ActiveCfg = Debug|Any CPU
		{BB22CC33-DD44-4E55-9F00-112233445566}.Debug|x64.Build.0 = Debug|Any CPU
		{BB22CC33-DD44-4E55-9F00-112233445566}.Debug|x86.ActiveCfg = Debug|Any CPU
		{BB22CC33-DD44-4E55-9F00-112233445566}.Debug|x86.Build.0 = Debug|Any CPU
		{BB22CC33-DD44-4E55-9F00-112233445566}.Release|Any CPU.ActiveCfg = Release|Any CPU
		{BB22CC33-DD44-4E55-9F00-112233445566}.Release|Any CPU.Build.0 = Release|Any CPU
		{BB22CC33-DD44-4E55-9F00-112233445566}.Release|x64.ActiveCfg = Release|Any CPU
		{BB22CC33-DD44-4E55-9F00-112233445566}.Release|x64.Build.0 = Release|Any CPU
		{BB22CC33-DD44-4E55-9F00-112233445566}.Release|x86.ActiveCfg = Release|Any CPU
		{BB22CC33-DD44-4E55-9F00-112233445566}.Release|x86.Build.0 = Release|Any CPU
		{D1C1149D-C2AC-4C23-81F8-AA63268A2591}.Debug|Any CPU.ActiveCfg = Debug|Any CPU
		{D1C1149D-C2AC-4C23-81F8-AA63268A2591}.Debug|Any CPU.Build.0 = Debug|Any CPU
		{D1C1149D-C2AC-4C23-81F8-AA63268A2591}.Debug|x64.ActiveCfg = Debug|Any CPU
		{D1C1149D-C2AC-4C23-81F8-AA63268A2591}.Debug|x64.Build.0 = Debug|Any CPU
		{D1C1149D-C2AC-4C23-81F8-AA63268A2591}.Debug|x86.ActiveCfg = Debug|Any CPU
		{D1C1149D-C2AC-4C23-81F8-AA63268A2591}.Debug|x86.Build.0 = Debug|Any CPU
		{D1C1149D-C2AC-4C23-81F8-AA63268A2591}.Release|Any CPU.ActiveCfg = Release|Any CPU
		{D1C1149D-C2AC-4C23-81F8-AA63268A2591}.Release|Any CPU.Build.0 = Release|Any CPU
		{D1C1149D-C2AC-4C23-81F8-AA63268A2591}.Release|x64.ActiveCfg = Release|Any CPU
		{D1C1149D-C2AC-4C23-81F8-AA63268A2591}.Release|x64.Build.0 = Release|Any CPU
		{D1C1149D-C2AC-4C23-81F8-AA63268A2591}.Release|x86.ActiveCfg = Release|Any CPU
		{D1C1149D-C2AC-4C23-81F8-AA63268A2591}.Release|x86.Build.0 = Release|Any CPU
		{1C483820-7611-4510-B09A-864326A825BA}.Debug|Any CPU.ActiveCfg = Debug|Any CPU
		{1C483820-7611-4510-B09A-864326A825BA}.Debug|Any CPU.Build.0 = Debug|Any CPU
		{1C483820-7611-4510-B09A-864326A825BA}.Debug|x64.ActiveCfg = Debug|Any CPU
		{1C483820-7611-4510-B09A-864326A825BA}.Debug|x64.Build.0 = Debug|Any CPU
		{1C483820-7611-4510-B09A-864326A825BA}.Debug|x86.ActiveCfg = Debug|Any CPU
		{1C483820-7611-4510-B09A-864326A825BA}.Debug|x86.Build.0 = Debug|Any CPU
		{1C483820-7611-4510-B09A-864326A825BA}.Release|Any CPU.ActiveCfg = Release|Any CPU
		{1C483820-7611-4510-B09A-864326A825BA}.Release|Any CPU.Build.0 = Release|Any CPU
		{1C483820-7611-4510-B09A-864326A825BA}.Release|x64.ActiveCfg = Release|Any CPU
		{1C483820-7611-4510-B09A-864326A825BA}.Release|x64.Build.0 = Release|Any CPU
		{1C483820-7611-4510-B09A-864326A825BA}.Release|x86.ActiveCfg = Release|Any CPU
		{1C483820-7611-4510-B09A-864326A825BA}.Release|x86.Build.0 = Release|Any CPU
		{DF733780-EEA6-4551-8CB3-2EC4A6DCC6CD}.Debug|Any CPU.ActiveCfg = Debug|Any CPU
		{DF733780-EEA6-4551-8CB3-2EC4A6DCC6CD}.Debug|Any CPU.Build.0 = Debug|Any CPU
		{DF733780-EEA6-4551-8CB3-2EC4A6DCC6CD}.Debug|x64.ActiveCfg = Debug|Any CPU
		{DF733780-EEA6-4551-8CB3-2EC4A6DCC6CD}.Debug|x64.Build.0 = Debug|Any CPU
		{DF733780-EEA6-4551-8CB3-2EC4A6DCC6CD}.Debug|x86.ActiveCfg = Debug|Any CPU
		{DF733780-EEA6-4551-8CB3-2EC4A6DCC6CD}.Debug|x86.Build.0 = Debug|Any CPU
		{DF733780-EEA6-4551-8CB3-2EC4A6DCC6CD}.Release|Any CPU.ActiveCfg = Release|Any CPU
		{DF733780-EEA6-4551-8CB3-2EC4A6DCC6CD}.Release|Any CPU.Build.0 = Release|Any CPU
		{DF733780-EEA6-4551-8CB3-2EC4A6DCC6CD}.Release|x64.ActiveCfg = Release|Any CPU
		{DF733780-EEA6-4551-8CB3-2EC4A6DCC6CD}.Release|x64.Build.0 = Release|Any CPU
		{DF733780-EEA6-4551-8CB3-2EC4A6DCC6CD}.Release|x86.ActiveCfg = Release|Any CPU
		{DF733780-EEA6-4551-8CB3-2EC4A6DCC6CD}.Release|x86.Build.0 = Release|Any CPU
		{E0E88A84-AB98-4D64-8ED7-400375A60792}.Debug|Any CPU.ActiveCfg = Debug|Any CPU
		{E0E88A84-AB98-4D64-8ED7-400375A60792}.Debug|Any CPU.Build.0 = Debug|Any CPU
		{E0E88A84-AB98-4D64-8ED7-400375A60792}.Debug|x64.ActiveCfg = Debug|Any CPU
		{E0E88A84-AB98-4D64-8ED7-400375A60792}.Debug|x64.Build.0 = Debug|Any CPU
		{E0E88A84-AB98-4D64-8ED7-400375A60792}.Debug|x86.ActiveCfg = Debug|Any CPU
		{E0E88A84-AB98-4D64-8ED7-400375A60792}.Debug|x86.Build.0 = Debug|Any CPU
		{E0E88A84-AB98-4D64-8ED7-400375A60792}.Release|Any CPU.ActiveCfg = Release|Any CPU
		{E0E88A84-AB98-4D64-8ED7-400375A60792}.Release|Any CPU.Build.0 = Release|Any CPU
		{E0E88A84-AB98-4D64-8ED7-400375A60792}.Release|x64.ActiveCfg = Release|Any CPU
		{E0E88A84-AB98-4D64-8ED7-400375A60792}.Release|x64.Build.0 = Release|Any CPU
		{E0E88A84-AB98-4D64-8ED7-400375A60792}.Release|x86.ActiveCfg = Release|Any CPU
		{E0E88A84-AB98-4D64-8ED7-400375A60792}.Release|x86.Build.0 = Release|Any CPU
		{A1B2C3D4-E5F6-7890-ABCD-EF1234567890}.Debug|Any CPU.ActiveCfg = Debug|Any CPU
		{A1B2C3D4-E5F6-7890-ABCD-EF1234567890}.Debug|Any CPU.Build.0 = Debug|Any CPU
		{A1B2C3D4-E5F6-7890-ABCD-EF1234567890}.Debug|x64.ActiveCfg = Debug|Any CPU
		{A1B2C3D4-E5F6-7890-ABCD-EF1234567890}.Debug|x64.Build.0 = Debug|Any CPU
		{A1B2C3D4-E5F6-7890-ABCD-EF1234567890}.Debug|x86.ActiveCfg = Debug|Any CPU
		{A1B2C3D4-E5F6-7890-ABCD-EF1234567890}.Debug|x86.Build.0 = Debug|Any CPU
		{A1B2C3D4-E5F6-7890-ABCD-EF1234567890}.Release|Any CPU.ActiveCfg = Release|Any CPU
		{A1B2C3D4-E5F6-7890-ABCD-EF1234567890}.Release|Any CPU.Build.0 = Release|Any CPU
		{A1B2C3D4-E5F6-7890-ABCD-EF1234567890}.Release|x64.ActiveCfg = Release|Any CPU
		{A1B2C3D4-E5F6-7890-ABCD-EF1234567890}.Release|x64.Build.0 = Release|Any CPU
		{A1B2C3D4-E5F6-7890-ABCD-EF1234567890}.Release|x86.ActiveCfg = Release|Any CPU
		{A1B2C3D4-E5F6-7890-ABCD-EF1234567890}.Release|x86.Build.0 = Release|Any CPU
		{34E8F5B3-D193-46DD-AA0A-59ADC3D8941C}.Debug|Any CPU.ActiveCfg = Debug|Any CPU
		{34E8F5B3-D193-46DD-AA0A-59ADC3D8941C}.Debug|Any CPU.Build.0 = Debug|Any CPU
		{34E8F5B3-D193-46DD-AA0A-59ADC3D8941C}.Debug|x64.ActiveCfg = Debug|Any CPU
		{34E8F5B3-D193-46DD-AA0A-59ADC3D8941C}.Debug|x64.Build.0 = Debug|Any CPU
		{34E8F5B3-D193-46DD-AA0A-59ADC3D8941C}.Debug|x86.ActiveCfg = Debug|Any CPU
		{34E8F5B3-D193-46DD-AA0A-59ADC3D8941C}.Debug|x86.Build.0 = Debug|Any CPU
		{34E8F5B3-D193-46DD-AA0A-59ADC3D8941C}.Release|Any CPU.ActiveCfg = Release|Any CPU
		{34E8F5B3-D193-46DD-AA0A-59ADC3D8941C}.Release|Any CPU.Build.0 = Release|Any CPU
		{34E8F5B3-D193-46DD-AA0A-59ADC3D8941C}.Release|x64.ActiveCfg = Release|Any CPU
		{34E8F5B3-D193-46DD-AA0A-59ADC3D8941C}.Release|x64.Build.0 = Release|Any CPU
		{34E8F5B3-D193-46DD-AA0A-59ADC3D8941C}.Release|x86.ActiveCfg = Release|Any CPU
		{34E8F5B3-D193-46DD-AA0A-59ADC3D8941C}.Release|x86.Build.0 = Release|Any CPU
		{F9ADC8AF-5D07-44B0-949E-C2572F65A018}.Debug|Any CPU.ActiveCfg = Debug|Any CPU
		{F9ADC8AF-5D07-44B0-949E-C2572F65A018}.Debug|Any CPU.Build.0 = Debug|Any CPU
		{F9ADC8AF-5D07-44B0-949E-C2572F65A018}.Debug|x64.ActiveCfg = Debug|Any CPU
		{F9ADC8AF-5D07-44B0-949E-C2572F65A018}.Debug|x64.Build.0 = Debug|Any CPU
		{F9ADC8AF-5D07-44B0-949E-C2572F65A018}.Debug|x86.ActiveCfg = Debug|Any CPU
		{F9ADC8AF-5D07-44B0-949E-C2572F65A018}.Debug|x86.Build.0 = Debug|Any CPU
		{F9ADC8AF-5D07-44B0-949E-C2572F65A018}.Release|Any CPU.ActiveCfg = Release|Any CPU
		{F9ADC8AF-5D07-44B0-949E-C2572F65A018}.Release|Any CPU.Build.0 = Release|Any CPU
		{F9ADC8AF-5D07-44B0-949E-C2572F65A018}.Release|x64.ActiveCfg = Release|Any CPU
		{F9ADC8AF-5D07-44B0-949E-C2572F65A018}.Release|x64.Build.0 = Release|Any CPU
		{F9ADC8AF-5D07-44B0-949E-C2572F65A018}.Release|x86.ActiveCfg = Release|Any CPU
		{F9ADC8AF-5D07-44B0-949E-C2572F65A018}.Release|x86.Build.0 = Release|Any CPU
		{4FDF0E03-C5B9-4493-B96D-1B3FE8D5C854}.Debug|Any CPU.ActiveCfg = Debug|Any CPU
		{4FDF0E03-C5B9-4493-B96D-1B3FE8D5C854}.Debug|Any CPU.Build.0 = Debug|Any CPU
		{4FDF0E03-C5B9-4493-B96D-1B3FE8D5C854}.Debug|x64.ActiveCfg = Debug|Any CPU
		{4FDF0E03-C5B9-4493-B96D-1B3FE8D5C854}.Debug|x64.Build.0 = Debug|Any CPU
		{4FDF0E03-C5B9-4493-B96D-1B3FE8D5C854}.Debug|x86.ActiveCfg = Debug|Any CPU
		{4FDF0E03-C5B9-4493-B96D-1B3FE8D5C854}.Debug|x86.Build.0 = Debug|Any CPU
		{4FDF0E03-C5B9-4493-B96D-1B3FE8D5C854}.Release|Any CPU.ActiveCfg = Release|Any CPU
		{4FDF0E03-C5B9-4493-B96D-1B3FE8D5C854}.Release|Any CPU.Build.0 = Release|Any CPU
		{4FDF0E03-C5B9-4493-B96D-1B3FE8D5C854}.Release|x64.ActiveCfg = Release|Any CPU
		{4FDF0E03-C5B9-4493-B96D-1B3FE8D5C854}.Release|x64.Build.0 = Release|Any CPU
		{4FDF0E03-C5B9-4493-B96D-1B3FE8D5C854}.Release|x86.ActiveCfg = Release|Any CPU
		{4FDF0E03-C5B9-4493-B96D-1B3FE8D5C854}.Release|x86.Build.0 = Release|Any CPU
	EndGlobalSection
	GlobalSection(SolutionProperties) = preSolution
		HideSolutionNode = FALSE
	EndGlobalSection
	GlobalSection(NestedProjects) = preSolution
		{D1C1149D-C2AC-4C23-81F8-AA63268A2591} = {827E0CD3-B72D-47B6-A68D-7590B98EB39B}
		{1C483820-7611-4510-B09A-864326A825BA} = {827E0CD3-B72D-47B6-A68D-7590B98EB39B}
		{DF733780-EEA6-4551-8CB3-2EC4A6DCC6CD} = {827E0CD3-B72D-47B6-A68D-7590B98EB39B}
		{E0E88A84-AB98-4D64-8ED7-400375A60792} = {827E0CD3-B72D-47B6-A68D-7590B98EB39B}
		{A1B2C3D4-E5F6-7890-ABCD-EF1234567890} = {827E0CD3-B72D-47B6-A68D-7590B98EB39B}
		{34E8F5B3-D193-46DD-AA0A-59ADC3D8941C} = {827E0CD3-B72D-47B6-A68D-7590B98EB39B}
		{F9ADC8AF-5D07-44B0-949E-C2572F65A018} = {827E0CD3-B72D-47B6-A68D-7590B98EB39B}
		{4FDF0E03-C5B9-4493-B96D-1B3FE8D5C854} = {0AB3BF05-4346-4AA6-1389-037BE0695223}
	EndGlobalSection
EndGlobal
